
Microsoft Visual Studio Solution File, Format Version 12.00
# Visual Studio Version 16
VisualStudioVersion = 16.0.31321.278
MinimumVisualStudioVersion = 10.0.40219.1
Project("{FAE04EC0-301F-11D3-BF4B-00C04F79EFBC}") = "Ejercicio-5", "Ejercicio-5.csproj", "{30861B78-C72D-482F-94AE-F2340A6DE4B0}"
EndProject
Global
	GlobalSection(SolutionConfigurationPlatforms) = preSolution
		Debug|Any CPU = Debug|Any CPU
		Release|Any CPU = Release|Any CPU
	EndGlobalSection
	GlobalSection(ProjectConfigurationPlatforms) = postSolution
		{30861B78-C72D-482F-94AE-F2340A6DE4B0}.Debug|Any CPU.ActiveCfg = Debug|Any CPU
		{30861B78-C72D-482F-94AE-F2340A6DE4B0}.Debug|Any CPU.Build.0 = Debug|Any CPU
		{30861B78-C72D-482F-94AE-F2340A6DE4B0}.Release|Any CPU.ActiveCfg = Release|Any CPU
		{30861B78-C72D-482F-94AE-F2340A6DE4B0}.Release|Any CPU.Build.0 = Release|Any CPU
	EndGlobalSection
	GlobalSection(SolutionProperties) = preSolution
		HideSolutionNode = FALSE
	EndGlobalSection
	GlobalSection(ExtensibilityGlobals) = postSolution
		SolutionGuid = {92B849E5-2530-4AD7-BA01-5904CD3AFC95}
	EndGlobalSection
EndGlobal
